{
  "name": "voximplantbeego",
  "version": "1.1.42",
  "lockfileVersion": 1,
  "requires": true,
  "dependencies": {
    "@angular/common": {
      "version": "9.0.5",
      "resolved": "https://registry.npmjs.org/@angular/common/-/common-9.0.5.tgz",
      "integrity": "sha512-AwZKYK5M/3762woK+3290JnBdlBvZXqxX5vVze6wk23IiBlwIV+l79+Lyfjo/4s031kibq47taaZdC7qkkBkNA=="
    },
    "rxjs": {
      "version": "6.5.4",
      "resolved": "https://registry.npmjs.org/rxjs/-/rxjs-6.5.4.tgz",
      "integrity": "sha512-naMQXcgEo3csAEGvw/NydRA0fuS2nDZJiw1YUWFKU7aPPAPGZEsD4Iimit96qwCieH6y614MCLYwdkrWx7z/7Q==",
      "requires": {
        "tslib": "^1.9.0"
      }
    },
    "tslib": {
      "version": "1.10.0",
      "resolved": "https://registry.npmjs.org/tslib/-/tslib-1.10.0.tgz",
      "integrity": "sha512-qOebF53frne81cf0S9B41ByenJ3/IuH8yJKngAX35CmiZySA0khhkovshKK+jGCaMnVomla7gVlIcc3EvKPbTQ=="
    },
    "typescript": {
      "version": "3.8.2",
      "resolved": "https://registry.npmjs.org/typescript/-/typescript-3.8.2.tgz",
      "integrity": "sha512-EgOVgL/4xfVrCMbhYKUQTdF37SQn4Iw73H5BgCrF1Abdun7Kwy/QZsE/ssAy0y4LxBbvua3PIbFsbRczWWnDdQ==",
      "dev": true
    },
    "voximplant-websdk": {
      "version": "4.3.71878",
      "resolved": "https://registry.npmjs.org/voximplant-websdk/-/voximplant-websdk-4.3.71878.tgz",
      "integrity": "sha512-gUpzdIPL7PaoXEhdv0ccT9Gp5AVZL+MUseUuEb1ftO7I7jrRFFIQfBz7v0YCdadmZgYY6ngqPc0UJ9KmgVdH1A=="
    }
  }
}
